// !$*UTF8*$!
{
	archiveVersion = 1;
	classes = {
	};
	objectVersion = 50;
	objects = {

/* Begin PBXBuildFile section */
		48B5CE4F254A08E4006D18CE /* AppDelegate.swift in Sources */ = {isa = PBXBuildFile; fileRef = 48B5CE4E254A08E4006D18CE /* AppDelegate.swift */; };
		48B5CE51254A08E4006D18CE /* SceneDelegate.swift in Sources */ = {isa = PBXBuildFile; fileRef = 48B5CE50254A08E4006D18CE /* SceneDelegate.swift */; };
		48B5CE53254A08E4006D18CE /* ViewController.swift in Sources */ = {isa = PBXBuildFile; fileRef = 48B5CE52254A08E4006D18CE /* ViewController.swift */; };
		48B5CE56254A08E4006D18CE /* Main.storyboard in Resources */ = {isa = PBXBuildFile; fileRef = 48B5CE54254A08E4006D18CE /* Main.storyboard */; };
		48B5CE58254A08E7006D18CE /* Assets.xcassets in Resources */ = {isa = PBXBuildFile; fileRef = 48B5CE57254A08E7006D18CE /* Assets.xcassets */; };
		48B5CE5B254A08E7006D18CE /* LaunchScreen.storyboard in Resources */ = {isa = PBXBuildFile; fileRef = 48B5CE59254A08E7006D18CE /* LaunchScreen.storyboard */; };
		48B5CE66254A08E8006D18CE /* eggTimerTests.swift in Sources */ = {isa = PBXBuildFile; fileRef = 48B5CE65254A08E8006D18CE /* eggTimerTests.swift */; };
		48B5CE71254A08E8006D18CE /* eggTimerUITests.swift in Sources */ = {isa = PBXBuildFile; fileRef = 48B5CE70254A08E8006D18CE /* eggTimerUITests.swift */; };
/* End PBXBuildFile section */

/* Begin PBXContainerItemProxy section */
		48B5CE62254A08E8006D18CE /* PBXContainerItemProxy */ = {
			isa = PBXContainerItemProxy;
			containerPortal = 48B5CE43254A08E4006D18CE /* Project object */;
			proxyType = 1;
			remoteGlobalIDString = 48B5CE4A254A08E4006D18CE;
			remoteInfo = eggTimer;
		};
		48B5CE6D254A08E8006D18CE /* PBXContainerItemProxy */ = {
			isa = PBXContainerItemProxy;
			containerPortal = 48B5CE43254A08E4006D18CE /* Project object */;
			proxyType = 1;
			remoteGlobalIDString = 48B5CE4A254A08E4006D18CE;
			remoteInfo = eggTimer;
		};
/* End PBXContainerItemProxy section */

/* Begin PBXFileReference section */
		48B5CE4B254A08E4006D18CE /* eggTimer.app */ = {isa = PBXFileReference; explicitFileType = wrapper.application; includeInIndex = 0; path = eggTimer.app; sourceTree = BUILT_PRODUCTS_DIR; };
		48B5CE4E254A08E4006D18CE /* AppDelegate.swift */ = {isa = PBXFileReference; lastKnownFileType = sourcecode.swift; path = AppDelegate.swift; sourceTree = "<group>"; };
		48B5CE50254A08E4006D18CE /* SceneDelegate.swift */ = {isa = PBXFileReference; lastKnownFileType = sourcecode.swift; path = SceneDelegate.swift; sourceTree = "<group>"; };
		48B5CE52254A08E4006D18CE /* ViewController.swift */ = {isa = PBXFileReference; lastKnownFileType = sourcecode.swift; path = ViewController.swift; sourceTree = "<group>"; };
		48B5CE55254A08E4006D18CE /* Base */ = {isa = PBXFileReference; lastKnownFileType = file.storyboard; name = Base; path = Base.lproj/Main.storyboard; sourceTree = "<group>"; };
		48B5CE57254A08E7006D18CE /* Assets.xcassets */ = {isa = PBXFileReference; lastKnownFileType = folder.assetcatalog; path = Assets.xcassets; sourceTree = "<group>"; };
		48B5CE5A254A08E7006D18CE /* Base */ = {isa = PBXFileReference; lastKnownFileType = file.storyboard; name = Base; path = Base.lproj/LaunchScreen.storyboard; sourceTree = "<group>"; };
		48B5CE5C254A08E7006D18CE /* Info.plist */ = {isa = PBXFileReference; lastKnownFileType = text.plist.xml; path = Info.plist; sourceTree = "<group>"; };
		48B5CE61254A08E8006D18CE /* eggTimerTests.xctest */ = {isa = PBXFileReference; explicitFileType = wrapper.cfbundle; includeInIndex = 0; path = eggTimerTests.xctest; sourceTree = BUILT_PRODUCTS_DIR; };
		48B5CE65254A08E8006D18CE /* eggTimerTests.swift */ = {isa = PBXFileReference; lastKnownFileType = sourcecode.swift; path = eggTimerTests.swift; sourceTree = "<group>"; };
		48B5CE67254A08E8006D18CE /* Info.plist */ = {isa = PBXFileReference; lastKnownFileType = text.plist.xml; path = Info.plist; sourceTree = "<group>"; };
		48B5CE6C254A08E8006D18CE /* eggTimerUITests.xctest */ = {isa = PBXFileReference; explicitFileType = wrapper.cfbundle; includeInIndex = 0; path = eggTimerUITests.xctest; sourceTree = BUILT_PRODUCTS_DIR; };
		48B5CE70254A08E8006D18CE /* eggTimerUITests.swift */ = {isa = PBXFileReference; lastKnownFileType = sourcecode.swift; path = eggTimerUITests.swift; sourceTree = "<group>"; };
		48B5CE72254A08E8006D18CE /* Info.plist */ = {isa = PBXFileReference; lastKnownFileType = text.plist.xml; path = Info.plist; sourceTree = "<group>"; };
/* End PBXFileReference section */

/* Begin PBXFrameworksBuildPhase section */
		48B5CE48254A08E4006D18CE /* Frameworks */ = {
			isa = PBXFrameworksBuildPhase;
			buildActionMask = 2147483647;
			files = (
			);
			runOnlyForDeploymentPostprocessing = 0;
		};
		48B5CE5E254A08E8006D18CE /* Frameworks */ = {
			isa = PBXFrameworksBuildPhase;
			buildActionMask = 2147483647;
			files = (
			);
			runOnlyForDeploymentPostprocessing = 0;
		};
		48B5CE69254A08E8006D18CE /* Frameworks */ = {
			isa = PBXFrameworksBuildPhase;
			buildActionMask = 2147483647;
			files = (
			);
			runOnlyForDeploymentPostprocessing = 0;
		};
/* End PBXFrameworksBuildPhase section */

/* Begin PBXGroup section */
		48B5CE42254A08E4006D18CE = {
			isa = PBXGroup;
			children = (
				48B5CE4D254A08E4006D18CE /* eggTimer */,
				48B5CE64254A08E8006D18CE /* eggTimerTests */,
				48B5CE6F254A08E8006D18CE /* eggTimerUITests */,
				48B5CE4C254A08E4006D18CE /* Products */,
			);
			sourceTree = "<group>";
		};
		48B5CE4C254A08E4006D18CE /* Products */ = {
			isa = PBXGroup;
			children = (
				48B5CE4B254A08E4006D18CE /* eggTimer.app */,
				48B5CE61254A08E8006D18CE /* eggTimerTests.xctest */,
				48B5CE6C254A08E8006D18CE /* eggTimerUITests.xctest */,
			);
			name = Products;
			sourceTree = "<group>";
		};
		48B5CE4D254A08E4006D18CE /* eggTimer */ = {
			isa = PBXGroup;
			children = (
				48B5CE4E254A08E4006D18CE /* AppDelegate.swift */,
				48B5CE50254A08E4006D18CE /* SceneDelegate.swift */,
				48B5CE52254A08E4006D18CE /* ViewController.swift */,
				48B5CE54254A08E4006D18CE /* Main.storyboard */,
				48B5CE57254A08E7006D18CE /* Assets.xcassets */,
				48B5CE59254A08E7006D18CE /* LaunchScreen.storyboard */,
				48B5CE5C254A08E7006D18CE /* Info.plist */,
			);
			path = eggTimer;
			sourceTree = "<group>";
		};
		48B5CE64254A08E8006D18CE /* eggTimerTests */ = {
			isa = PBXGroup;
			children = (
				48B5CE65254A08E8006D18CE /* eggTimerTests.swift */,
				48B5CE67254A08E8006D18CE /* Info.plist */,
			);
			path = eggTimerTests;
			sourceTree = "<group>";
		};
		48B5CE6F254A08E8006D18CE /* eggTimerUITests */ = {
			isa = PBXGroup;
			children = (
				48B5CE70254A08E8006D18CE /* eggTimerUITests.swift */,
				48B5CE72254A08E8006D18CE /* Info.plist */,
			);
			path = eggTimerUITests;
			sourceTree = "<group>";
		};
/* End PBXGroup section */

/* Begin PBXNativeTarget section */
		48B5CE4A254A08E4006D18CE /* eggTimer */ = {
			isa = PBXNativeTarget;
			buildConfigurationList = 48B5CE75254A08E8006D18CE /* Build configuration list for PBXNativeTarget "eggTimer" */;
			buildPhases = (
				48B5CE47254A08E4006D18CE /* Sources */,
				48B5CE48254A08E4006D18CE /* Frameworks */,
				48B5CE49254A08E4006D18CE /* Resources */,
			);
			buildRules = (
			);
			dependencies = (
			);
			name = eggTimer;
			productName = eggTimer;
			productReference = 48B5CE4B254A08E4006D18CE /* eggTimer.app */;
			productType = "com.apple.product-type.application";
		};
		48B5CE60254A08E8006D18CE /* eggTimerTests */ = {
			isa = PBXNativeTarget;
			buildConfigurationList = 48B5CE78254A08E8006D18CE /* Build configuration list for PBXNativeTarget "eggTimerTests" */;
			buildPhases = (
				48B5CE5D254A08E8006D18CE /* Sources */,
				48B5CE5E254A08E8006D18CE /* Frameworks */,
				48B5CE5F254A08E8006D18CE /* Resources */,
			);
			buildRules = (
			);
			dependencies = (
				48B5CE63254A08E8006D18CE /* PBXTargetDependency */,
			);
			name = eggTimerTests;
			productName = eggTimerTests;
			productReference = 48B5CE61254A08E8006D18CE /* eggTimerTests.xctest */;
			productType = "com.apple.product-type.bundle.unit-test";
		};
		48B5CE6B254A08E8006D18CE /* eggTimerUITests */ = {
			isa = PBXNativeTarget;
			buildConfigurationList = 48B5CE7B254A08E8006D18CE /* Build configuration list for PBXNativeTarget "eggTimerUITests" */;
			buildPhases = (
				48B5CE68254A08E8006D18CE /* Sources */,
				48B5CE69254A08E8006D18CE /* Frameworks */,
				48B5CE6A254A08E8006D18CE /* Resources */,
			);
			buildRules = (
			);
			dependencies = (
				48B5CE6E254A08E8006D18CE /* PBXTargetDependency */,
			);
			name = eggTimerUITests;
			productName = eggTimerUITests;
			productReference = 48B5CE6C254A08E8006D18CE /* eggTimerUITests.xctest */;
			productType = "com.apple.product-type.bundle.ui-testing";
		};
/* End PBXNativeTarget section */

/* Begin PBXProject section */
		48B5CE43254A08E4006D18CE /* Project object */ = {
			isa = PBXProject;
			attributes = {
				LastSwiftUpdateCheck = 1210;
				LastUpgradeCheck = 1210;
				TargetAttributes = {
					48B5CE4A254A08E4006D18CE = {
						CreatedOnToolsVersion = 12.1;
					};
					48B5CE60254A08E8006D18CE = {
						CreatedOnToolsVersion = 12.1;
						TestTargetID = 48B5CE4A254A08E4006D18CE;
					};
					48B5CE6B254A08E8006D18CE = {
						CreatedOnToolsVersion = 12.1;
						TestTargetID = 48B5CE4A254A08E4006D18CE;
					};
				};
			};
			buildConfigurationList = 48B5CE46254A08E4006D18CE /* Build configuration list for PBXProject "eggTimer" */;
			compatibilityVersion = "Xcode 9.3";
			developmentRegion = en;
			hasScannedForEncodings = 0;
			knownRegions = (
				en,
				Base,
			);
			mainGroup = 48B5CE42254A08E4006D18CE;
			productRefGroup = 48B5CE4C254A08E4006D18CE /* Products */;
			projectDirPath = "";
			projectRoot = "";
			targets = (
				48B5CE4A254A08E4006D18CE /* eggTimer */,
				48B5CE60254A08E8006D18CE /* eggTimerTests */,
				48B5CE6B254A08E8006D18CE /* eggTimerUITests */,
			);
		};
/* End PBXProject section */

/* Begin PBXResourcesBuildPhase section */
		48B5CE49254A08E4006D18CE /* Resources */ = {
			isa = PBXResourcesBuildPhase;
			buildActionMask = 2147483647;
			files = (
				48B5CE5B254A08E7006D18CE /* LaunchScreen.storyboard in Resources */,
				48B5CE58254A08E7006D18CE /* Assets.xcassets in Resources */,
				48B5CE56254A08E4006D18CE /* Main.storyboard in Resources */,
			);
			runOnlyForDeploymentPostprocessing = 0;
		};
		48B5CE5F254A08E8006D18CE /* Resources */ = {
			isa = PBXResourcesBuildPhase;
			buildActionMask = 2147483647;
			files = (
			);
			runOnlyForDeploymentPostprocessing = 0;
		};
		48B5CE6A254A08E8006D18CE /* Resources */ = {
			isa = PBXResourcesBuildPhase;
			buildActionMask = 2147483647;
			files = (
			);
			runOnlyForDeploymentPostprocessing = 0;
		};
/* End PBXResourcesBuildPhase section */

/* Begin PBXSourcesBuildPhase section */
		48B5CE47254A08E4006D18CE /* Sources */ = {
			isa = PBXSourcesBuildPhase;
			buildActionMask = 2147483647;
			files = (
				48B5CE53254A08E4006D18CE /* ViewController.swift in Sources */,
				48B5CE4F254A08E4006D18CE /* AppDelegate.swift in Sources */,
				48B5CE51254A08E4006D18CE /* SceneDelegate.swift in Sources */,
			);
			runOnlyForDeploymentPostprocessing = 0;
		};
		48B5CE5D254A08E8006D18CE /* Sources */ = {
			isa = PBXSourcesBuildPhase;
			buildActionMask = 2147483647;
			files = (
				48B5CE66254A08E8006D18CE /* eggTimerTests.swift in Sources */,
			);
			runOnlyForDeploymentPostprocessing = 0;
		};
		48B5CE68254A08E8006D18CE /* Sources */ = {
			isa = PBXSourcesBuildPhase;
			buildActionMask = 2147483647;
			files = (
				48B5CE71254A08E8006D18CE /* eggTimerUITests.swift in Sources */,
			);
			runOnlyForDeploymentPostprocessing = 0;
		};
/* End PBXSourcesBuildPhase section */

/* Begin PBXTargetDependency section */
		48B5CE63254A08E8006D18CE /* PBXTargetDependency */ = {
			isa = PBXTargetDependency;
			target = 48B5CE4A254A08E4006D18CE /* eggTimer */;
			targetProxy = 48B5CE62254A08E8006D18CE /* PBXContainerItemProxy */;
		};
		48B5CE6E254A08E8006D18CE /* PBXTargetDependency */ = {
			isa = PBXTargetDependency;
			target = 48B5CE4A254A08E4006D18CE /* eggTimer */;
			targetProxy = 48B5CE6D254A08E8006D18CE /* PBXContainerItemProxy */;
		};
/* End PBXTargetDependency section */

/* Begin PBXVariantGroup section */
		48B5CE54254A08E4006D18CE /* Main.storyboard */ = {
			isa = PBXVariantGroup;
			children = (
				48B5CE55254A08E4006D18CE /* Base */,
			);
			name = Main.storyboard;
			sourceTree = "<group>";
		};
		48B5CE59254A08E7006D18CE /* LaunchScreen.storyboard */ = {
			isa = PBXVariantGroup;
			children = (
				48B5CE5A254A08E7006D18CE /* Base */,
			);
			name = LaunchScreen.storyboard;
			sourceTree = "<group>";
		};
/* End PBXVariantGroup section */

/* Begin XCBuildConfiguration section */
		48B5CE73254A08E8006D18CE /* Debug */ = {
			isa = XCBuildConfiguration;
			buildSettings = {
				ALWAYS_SEARCH_USER_PATHS = NO;
				CLANG_ANALYZER_NONNULL = YES;
				CLANG_ANALYZER_NUMBER_OBJECT_CONVERSION = YES_AGGRESSIVE;
				CLANG_CXX_LANGUAGE_STANDARD = "gnu++14";
				CLANG_CXX_LIBRARY = "libc++";
				CLANG_ENABLE_MODULES = YES;
				CLANG_ENABLE_OBJC_ARC = YES;
				CLANG_ENABLE_OBJC_WEAK = YES;
				CLANG_WARN_BLOCK_CAPTURE_AUTORELEASING = YES;
				CLANG_WARN_BOOL_CONVERSION = YES;
				CLANG_WARN_COMMA = YES;
				CLANG_WARN_CONSTANT_CONVERSION = YES;
				CLANG_WARN_DEPRECATED_OBJC_IMPLEMENTATIONS = YES;
				CLANG_WARN_DIRECT_OBJC_ISA_USAGE = YES_ERROR;
				CLANG_WARN_DOCUMENTATION_COMMENTS = YES;
				CLANG_WARN_EMPTY_BODY = YES;
				CLANG_WARN_ENUM_CONVERSION = YES;
				CLANG_WARN_INFINITE_RECURSION = YES;
				CLANG_WARN_INT_CONVERSION = YES;
				CLANG_WARN_NON_LITERAL_NULL_CONVERSION = YES;
				CLANG_WARN_OBJC_IMPLICIT_RETAIN_SELF = YES;
				CLANG_WARN_OBJC_LITERAL_CONVERSION = YES;
				CLANG_WARN_OBJC_ROOT_CLASS = YES_ERROR;
				CLANG_WARN_QUOTED_INCLUDE_IN_FRAMEWORK_HEADER = YES;
				CLANG_WARN_RANGE_LOOP_ANALYSIS = YES;
				CLANG_WARN_STRICT_PROTOTYPES = YES;
				CLANG_WARN_SUSPICIOUS_MOVE = YES;
				CLANG_WARN_UNGUARDED_AVAILABILITY = YES_AGGRESSIVE;
				CLANG_WARN_UNREACHABLE_CODE = YES;
				CLANG_WARN__DUPLICATE_METHOD_MATCH = YES;
				COPY_PHASE_STRIP = NO;
				DEBUG_INFORMATION_FORMAT = dwarf;
				ENABLE_STRICT_OBJC_MSGSEND = YES;
				ENABLE_TESTABILITY = YES;
				GCC_C_LANGUAGE_STANDARD = gnu11;
				GCC_DYNAMIC_NO_PIC = NO;
				GCC_NO_COMMON_BLOCKS = YES;
				GCC_OPTIMIZATION_LEVEL = 0;
				GCC_PREPROCESSOR_DEFINITIONS = (
					"DEBUG=1",
					"$(inherited)",
				);
				GCC_WARN_64_TO_32_BIT_CONVERSION = YES;
				GCC_WARN_ABOUT_RETURN_TYPE = YES_ERROR;
				GCC_WARN_UNDECLARED_SELECTOR = YES;
				GCC_WARN_UNINITIALIZED_AUTOS = YES_AGGRESSIVE;
				GCC_WARN_UNUSED_FUNCTION = YES;
				GCC_WARN_UNUSED_VARIABLE = YES;
				IPHONEOS_DEPLOYMENT_TARGET = 14.1;
				MTL_ENABLE_DEBUG_INFO = INCLUDE_SOURCE;
				MTL_FAST_MATH = YES;
				ONLY_ACTIVE_ARCH = YES;
				SDKROOT = iphoneos;
				SWIFT_ACTIVE_COMPILATION_CONDITIONS = DEBUG;
				SWIFT_OPTIMIZATION_LEVEL = "-Onone";
			};
			name = Debug;
		};
		48B5CE74254A08E8006D18CE /* Release */ = {
			isa = XCBuildConfiguration;
			buildSettings = {
				ALWAYS_SEARCH_USER_PATHS = NO;
				CLANG_ANALYZER_NONNULL = YES;
				CLANG_ANALYZER_NUMBER_OBJECT_CONVERSION = YES_AGGRESSIVE;
				CLANG_CXX_LANGUAGE_STANDARD = "gnu++14";
				CLANG_CXX_LIBRARY = "libc++";
				CLANG_ENABLE_MODULES = YES;
				CLANG_ENABLE_OBJC_ARC = YES;
				CLANG_ENABLE_OBJC_WEAK = YES;
				CLANG_WARN_BLOCK_CAPTURE_AUTORELEASING = YES;
				CLANG_WARN_BOOL_CONVERSION = YES;
				CLANG_WARN_COMMA = YES;
				CLANG_WARN_CONSTANT_CONVERSION = YES;
				CLANG_WARN_DEPRECATED_OBJC_IMPLEMENTATIONS = YES;
				CLANG_WARN_DIRECT_OBJC_ISA_USAGE = YES_ERROR;
				CLANG_WARN_DOCUMENTATION_COMMENTS = YES;
				CLANG_WARN_EMPTY_BODY = YES;
				CLANG_WARN_ENUM_CONVERSION = YES;
				CLANG_WARN_INFINITE_RECURSION = YES;
				CLANG_WARN_INT_CONVERSION = YES;
				CLANG_WARN_NON_LITERAL_NULL_CONVERSION = YES;
				CLANG_WARN_OBJC_IMPLICIT_RETAIN_SELF = YES;
				CLANG_WARN_OBJC_LITERAL_CONVERSION = YES;
				CLANG_WARN_OBJC_ROOT_CLASS = YES_ERROR;
				CLANG_WARN_QUOTED_INCLUDE_IN_FRAMEWORK_HEADER = YES;
				CLANG_WARN_RANGE_LOOP_ANALYSIS = YES;
				CLANG_WARN_STRICT_PROTOTYPES = YES;
				CLANG_WARN_SUSPICIOUS_MOVE = YES;
				CLANG_WARN_UNGUARDED_AVAILABILITY = YES_AGGRESSIVE;
				CLANG_WARN_UNREACHABLE_CODE = YES;
				CLANG_WARN__DUPLICATE_METHOD_MATCH = YES;
				COPY_PHASE_STRIP = NO;
				DEBUG_INFORMATION_FORMAT = "dwarf-with-dsym";
				ENABLE_NS_ASSERTIONS = NO;
				ENABLE_STRICT_OBJC_MSGSEND = YES;
				GCC_C_LANGUAGE_STANDARD = gnu11;
				GCC_NO_COMMON_BLOCKS = YES;
				GCC_WARN_64_TO_32_BIT_CONVERSION = YES;
				GCC_WARN_ABOUT_RETURN_TYPE = YES_ERROR;
				GCC_WARN_UNDECLARED_SELECTOR = YES;
				GCC_WARN_UNINITIALIZED_AUTOS = YES_AGGRESSIVE;
				GCC_WARN_UNUSED_FUNCTION = YES;
				GCC_WARN_UNUSED_VARIABLE = YES;
				IPHONEOS_DEPLOYMENT_TARGET = 14.1;
				MTL_ENABLE_DEBUG_INFO = NO;
				MTL_FAST_MATH = YES;
				SDKROOT = iphoneos;
				SWIFT_COMPILATION_MODE = wholemodule;
				SWIFT_OPTIMIZATION_LEVEL = "-O";
				VALIDATE_PRODUCT = YES;
			};
			name = Release;
		};
		48B5CE76254A08E8006D18CE /* Debug */ = {
			isa = XCBuildConfiguration;
			buildSettings = {
				ASSETCATALOG_COMPILER_APPICON_NAME = AppIcon;
				ASSETCATALOG_COMPILER_GLOBAL_ACCENT_COLOR_NAME = AccentColor;
				CODE_SIGN_STYLE = Automatic;
				INFOPLIST_FILE = eggTimer/Info.plist;
				LD_RUNPATH_SEARCH_PATHS = (
					"$(inherited)",
					"@executable_path/Frameworks",
				);
				PRODUCT_BUNDLE_IDENTIFIER = maixuanlinh.com.eggTimer;
				PRODUCT_NAME = "$(TARGET_NAME)";
				SWIFT_VERSION = 5.0;
				TARGETED_DEVICE_FAMILY = "1,2";
			};
			name = Debug;
		};
		48B5CE77254A08E8006D18CE /* Release */ = {
			isa = XCBuildConfiguration;
			buildSettings = {
				ASSETCATALOG_COMPILER_APPICON_NAME = AppIcon;
				ASSETCATALOG_COMPILER_GLOBAL_ACCENT_COLOR_NAME = AccentColor;
				CODE_SIGN_STYLE = Automatic;
				INFOPLIST_FILE = eggTimer/Info.plist;
				LD_RUNPATH_SEARCH_PATHS = (
					"$(inherited)",
					"@executable_path/Frameworks",
				);
				PRODUCT_BUNDLE_IDENTIFIER = maixuanlinh.com.eggTimer;
				PRODUCT_NAME = "$(TARGET_NAME)";
				SWIFT_VERSION = 5.0;
				TARGETED_DEVICE_FAMILY = "1,2";
			};
			name = Release;
		};
		48B5CE79254A08E8006D18CE /* Debug */ = {
			isa = XCBuildConfiguration;
			buildSettings = {
				ALWAYS_EMBED_SWIFT_STANDARD_LIBRARIES = YES;
				BUNDLE_LOADER = "$(TEST_HOST)";
				CODE_SIGN_STYLE = Automatic;
				INFOPLIST_FILE = eggTimerTests/Info.plist;
				IPHONEOS_DEPLOYMENT_TARGET = 14.1;
				LD_RUNPATH_SEARCH_PATHS = (
					"$(inherited)",
					"@executable_path/Frameworks",
					"@loader_path/Frameworks",
				);
				PRODUCT_BUNDLE_IDENTIFIER = maixuanlinh.com.eggTimerTests;
				PRODUCT_NAME = "$(TARGET_NAME)";
				SWIFT_VERSION = 5.0;
				TARGETED_DEVICE_FAMILY = "1,2";
				TEST_HOST = "$(BUILT_PRODUCTS_DIR)/eggTimer.app/eggTimer";
			};
			name = Debug;
		};
		48B5CE7A254A08E8006D18CE /* Release */ = {
			isa = XCBuildConfiguration;
			buildSettings = {
				ALWAYS_EMBED_SWIFT_STANDARD_LIBRARIES = YES;
				BUNDLE_LOADER = "$(TEST_HOST)";
				CODE_SIGN_STYLE = Automatic;
				INFOPLIST_FILE = eggTimerTests/Info.plist;
				IPHONEOS_DEPLOYMENT_TARGET = 14.1;
				LD_RUNPATH_SEARCH_PATHS = (
					"$(inherited)",
					"@executable_path/Frameworks",
					"@loader_path/Frameworks",
				);
				PRODUCT_BUNDLE_IDENTIFIER = maixuanlinh.com.eggTimerTests;
				PRODUCT_NAME = "$(TARGET_NAME)";
				SWIFT_VERSION = 5.0;
				TARGETED_DEVICE_FAMILY = "1,2";
				TEST_HOST = "$(BUILT_PRODUCTS_DIR)/eggTimer.app/eggTimer";
			};
			name = Release;
		};
		48B5CE7C254A08E8006D18CE /* Debug */ = {
			isa = XCBuildConfiguration;
			buildSettings = {
				ALWAYS_EMBED_SWIFT_STANDARD_LIBRARIES = YES;
				CODE_SIGN_STYLE = Automatic;
				INFOPLIST_FILE = eggTimerUITests/Info.plist;
				LD_RUNPATH_SEARCH_PATHS = (
					"$(inherited)",
					"@executable_path/Frameworks",
					"@loader_path/Frameworks",
				);
				PRODUCT_BUNDLE_IDENTIFIER = maixuanlinh.com.eggTimerUITests;
				PRODUCT_NAME = "$(TARGET_NAME)";
				SWIFT_VERSION = 5.0;
				TARGETED_DEVICE_FAMILY = "1,2";
				TEST_TARGET_NAME = eggTimer;
			};
			name = Debug;
		};
		48B5CE7D254A08E8006D18CE /* Release */ = {
			isa = XCBuildConfiguration;
			buildSettings = {
				ALWAYS_EMBED_SWIFT_STANDARD_LIBRARIES = YES;
				CODE_SIGN_STYLE = Automatic;
				INFOPLIST_FILE = eggTimerUITests/Info.plist;
				LD_RUNPATH_SEARCH_PATHS = (
					"$(inherited)",
					"@executable_path/Frameworks",
					"@loader_path/Frameworks",
				);
				PRODUCT_BUNDLE_IDENTIFIER = maixuanlinh.com.eggTimerUITests;
				PRODUCT_NAME = "$(TARGET_NAME)";
				SWIFT_VERSION = 5.0;
				TARGETED_DEVICE_FAMILY = "1,2";
				TEST_TARGET_NAME = eggTimer;
			};
			name = Release;
		};
/* End XCBuildConfiguration section */

/* Begin XCConfigurationList section */
		48B5CE46254A08E4006D18CE /* Build configuration list for PBXProject "eggTimer" */ = {
			isa = XCConfigurationList;
			buildConfigurations = (
				48B5CE73254A08E8006D18CE /* Debug */,
				48B5CE74254A08E8006D18CE /* Release */,
			);
			defaultConfigurationIsVisible = 0;
			defaultConfigurationName = Release;
		};
		48B5CE75254A08E8006D18CE /* Build configuration list for PBXNativeTarget "eggTimer" */ = {
			isa = XCConfigurationList;
			buildConfigurations = (
				48B5CE76254A08E8006D18CE /* Debug */,
				48B5CE77254A08E8006D18CE /* Release */,
			);
			defaultConfigurationIsVisible = 0;
			defaultConfigurationName = Release;
		};
		48B5CE78254A08E8006D18CE /* Build configuration list for PBXNativeTarget "eggTimerTests" */ = {
			isa = XCConfigurationList;
			buildConfigurations = (
				48B5CE79254A08E8006D18CE /* Debug */,
				48B5CE7A254A08E8006D18CE /* Release */,
			);
			defaultConfigurationIsVisible = 0;
			defaultConfigurationName = Release;
		};
		48B5CE7B254A08E8006D18CE /* Build configuration list for PBXNativeTarget "eggTimerUITests" */ = {
			isa = XCConfigurationList;
			buildConfigurations = (
				48B5CE7C254A08E8006D18CE /* Debug */,
				48B5CE7D254A08E8006D18CE /* Release */,
			);
			defaultConfigurationIsVisible = 0;
			defaultConfigurationName = Release;
		};
/* End XCConfigurationList section */
	};
	rootObject = 48B5CE43254A08E4006D18CE /* Project object */;
}
